PODS:
  - Base64 (1.1.2)
  - boost-for-react-native (1.63.0)
  - BoringSSL-GRPC (0.0.3):
    - BoringSSL-GRPC/Implementation (= 0.0.3)
    - BoringSSL-GRPC/Interface (= 0.0.3)
  - BoringSSL-GRPC/Implementation (0.0.3):
    - BoringSSL-GRPC/Interface (= 0.0.3)
  - BoringSSL-GRPC/Interface (0.0.3)
  - CodePush (5.7.0):
    - Base64 (~> 1.1)
    - JWT (~> 3.0.0-beta.7)
    - React
    - SSZipArchive (~> 2.1)
  - Crashlytics (3.13.4):
    - Fabric (~> 1.10.2)
  - DoubleConversion (1.1.6)
  - Fabric (1.10.2)
  - FBSDKCoreKit (5.8.0):
    - FBSDKCoreKit/Basics (= 5.8.0)
    - FBSDKCoreKit/Core (= 5.8.0)
  - FBSDKCoreKit/Basics (5.8.0)
  - FBSDKCoreKit/Core (5.8.0):
    - FBSDKCoreKit/Basics
  - FBSDKLoginKit (5.8.0):
    - FBSDKLoginKit/Login (= 5.8.0)
  - FBSDKLoginKit/Login (5.8.0):
    - FBSDKCoreKit (~> 5.0)
  - FBSDKShareKit (5.8.0):
    - FBSDKShareKit/Share (= 5.8.0)
  - FBSDKShareKit/Share (5.8.0):
    - FBSDKCoreKit (~> 5.0)
  - Firebase/Auth (6.2.0):
    - Firebase/CoreOnly
    - FirebaseAuth (~> 6.1.1)
  - Firebase/Core (6.2.0):
    - Firebase/CoreOnly
    - FirebaseAnalytics (= 6.0.1)
  - Firebase/CoreOnly (6.2.0):
    - FirebaseCore (= 6.0.2)
  - Firebase/Database (6.2.0):
    - Firebase/CoreOnly
    - FirebaseDatabase (~> 6.0.0)
  - Firebase/Firestore (6.2.0):
    - Firebase/CoreOnly
    - FirebaseFirestore (~> 1.3.2)
  - Firebase/Functions (6.2.0):
    - Firebase/CoreOnly
    - FirebaseFunctions (~> 2.5.1)
  - Firebase/Messaging (6.2.0):
    - Firebase/CoreOnly
    - FirebaseMessaging (~> 4.0.2)
  - Firebase/Performance (6.2.0):
    - Firebase/CoreOnly
    - FirebasePerformance (~> 3.0.0)
  - Firebase/RemoteConfig (6.2.0):
    - Firebase/CoreOnly
    - FirebaseRemoteConfig (~> 4.0.0)
  - Firebase/Storage (6.2.0):
    - Firebase/CoreOnly
    - FirebaseStorage (~> 3.2.1)
  - FirebaseABTesting (3.0.0):
    - FirebaseCore (~> 6.0)
    - Protobuf (~> 3.5)
  - FirebaseAnalytics (6.0.1):
    - FirebaseCore (~> 6.0)
    - FirebaseInstanceID (~> 4.1)
    - GoogleAppMeasurement (= 6.0.1)
    - GoogleUtilities/AppDelegateSwizzler (~> 6.0)
    - GoogleUtilities/MethodSwizzler (~> 6.0)
    - GoogleUtilities/Network (~> 6.0)
    - "GoogleUtilities/NSData+zlib (~> 6.0)"
    - nanopb (~> 0.3)
  - FirebaseAnalyticsInterop (1.4.0)
  - FirebaseAuth (6.1.2):
    - FirebaseAuthInterop (~> 1.0)
    - FirebaseCore (~> 6.0)
    - GoogleUtilities/AppDelegateSwizzler (~> 6.2)
    - GoogleUtilities/Environment (~> 6.2)
    - GTMSessionFetcher/Core (~> 1.1)
  - FirebaseAuthInterop (1.0.0)
  - FirebaseCore (6.0.2):
    - GoogleUtilities/Environment (~> 6.0)
    - GoogleUtilities/Logger (~> 6.0)
  - FirebaseDatabase (6.0.0):
    - FirebaseAuthInterop (~> 1.0)
    - FirebaseCore (~> 6.0)
    - leveldb-library (~> 1.18)
  - FirebaseFirestore (1.3.2):
    - FirebaseAuthInterop (~> 1.0)
    - FirebaseCore (~> 6.0)
    - FirebaseFirestore/abseil-cpp (= 1.3.2)
    - "gRPC-C++ (= 0.0.9)"
    - leveldb-library (~> 1.20)
    - nanopb (~> 0.3.901)
    - Protobuf (~> 3.1)
  - FirebaseFirestore/abseil-cpp (1.3.2):
    - FirebaseAuthInterop (~> 1.0)
    - FirebaseCore (~> 6.0)
    - "gRPC-C++ (= 0.0.9)"
    - leveldb-library (~> 1.20)
    - nanopb (~> 0.3.901)
    - Protobuf (~> 3.1)
  - FirebaseFunctions (2.5.1):
    - FirebaseAuthInterop (~> 1.0)
    - FirebaseCore (~> 6.0)
    - GTMSessionFetcher/Core (~> 1.1)
  - FirebaseInstanceID (4.2.5):
    - FirebaseCore (~> 6.0)
    - GoogleUtilities/Environment (~> 6.0)
    - GoogleUtilities/UserDefaults (~> 6.0)
  - FirebaseMessaging (4.0.2):
    - FirebaseAnalyticsInterop (~> 1.1)
    - FirebaseCore (~> 6.0)
    - FirebaseInstanceID (~> 4.1)
    - GoogleUtilities/AppDelegateSwizzler (~> 6.2)
    - GoogleUtilities/Environment (~> 6.2)
    - GoogleUtilities/Reachability (~> 6.2)
    - GoogleUtilities/UserDefaults (~> 6.2)
    - Protobuf (~> 3.1)
  - FirebasePerformance (3.0.0):
    - FirebaseCore (~> 6.0)
    - FirebaseInstanceID (~> 4.0)
    - FirebaseRemoteConfig (~> 4.0)
    - GoogleToolboxForMac/Logger (~> 2.1)
    - "GoogleToolboxForMac/NSData+zlib (~> 2.1)"
    - GoogleUtilities/Environment (~> 6.0)
    - GoogleUtilities/ISASwizzler (~> 6.0)
    - GoogleUtilities/MethodSwizzler (~> 6.0)
    - GTMSessionFetcher/Core (~> 1.1)
    - Protobuf (~> 3.5)
  - FirebaseRemoteConfig (4.0.0):
    - FirebaseABTesting (~> 3.0)
    - FirebaseCore (~> 6.0)
    - FirebaseInstanceID (~> 4.0)
    - GoogleUtilities/Environment (~> 6.0)
    - "GoogleUtilities/NSData+zlib (~> 6.0)"
    - Protobuf (~> 3.5)
  - FirebaseStorage (3.2.1):
    - FirebaseAuthInterop (~> 1.0)
    - FirebaseCore (~> 6.0)
    - GTMSessionFetcher/Core (~> 1.1)
  - Folly (2018.10.22.00):
    - boost-for-react-native
    - DoubleConversion
    - Folly/Default (= 2018.10.22.00)
    - glog
  - Folly/Default (2018.10.22.00):
    - boost-for-react-native
    - DoubleConversion
    - glog
  - glog (0.3.5)
  - GoogleAppMeasurement (6.0.1):
    - GoogleUtilities/AppDelegateSwizzler (~> 6.0)
    - GoogleUtilities/MethodSwizzler (~> 6.0)
    - GoogleUtilities/Network (~> 6.0)
    - "GoogleUtilities/NSData+zlib (~> 6.0)"
    - nanopb (~> 0.3)
  - GoogleSignIn (4.4.0):
    - "GoogleToolboxForMac/NSDictionary+URLArguments (~> 2.1)"
    - "GoogleToolboxForMac/NSString+URLArguments (~> 2.1)"
    - GTMSessionFetcher/Core (~> 1.1)
  - GoogleToolboxForMac/DebugUtils (2.2.1):
    - GoogleToolboxForMac/Defines (= 2.2.1)
  - GoogleToolboxForMac/Defines (2.2.1)
  - GoogleToolboxForMac/Logger (2.2.1):
    - GoogleToolboxForMac/Defines (= 2.2.1)
  - "GoogleToolboxForMac/NSData+zlib (2.2.1)":
    - GoogleToolboxForMac/Defines (= 2.2.1)
  - "GoogleToolboxForMac/NSDictionary+URLArguments (2.2.1)":
    - GoogleToolboxForMac/DebugUtils (= 2.2.1)
    - GoogleToolboxForMac/Defines (= 2.2.1)
    - "GoogleToolboxForMac/NSString+URLArguments (= 2.2.1)"
  - "GoogleToolboxForMac/NSString+URLArguments (2.2.1)"
  - GoogleUtilities/AppDelegateSwizzler (6.3.1):
    - GoogleUtilities/Environment
    - GoogleUtilities/Logger
    - GoogleUtilities/Network
  - GoogleUtilities/Environment (6.3.1)
  - GoogleUtilities/ISASwizzler (6.3.1)
  - GoogleUtilities/Logger (6.3.1):
    - GoogleUtilities/Environment
  - GoogleUtilities/MethodSwizzler (6.3.1):
    - GoogleUtilities/Logger
  - GoogleUtilities/Network (6.3.1):
    - GoogleUtilities/Logger
    - "GoogleUtilities/NSData+zlib"
    - GoogleUtilities/Reachability
  - "GoogleUtilities/NSData+zlib (6.3.1)"
  - GoogleUtilities/Reachability (6.3.1):
    - GoogleUtilities/Logger
  - GoogleUtilities/UserDefaults (6.3.1):
    - GoogleUtilities/Logger
  - "gRPC-C++ (0.0.9)":
    - "gRPC-C++/Implementation (= 0.0.9)"
    - "gRPC-C++/Interface (= 0.0.9)"
  - "gRPC-C++/Implementation (0.0.9)":
    - "gRPC-C++/Interface (= 0.0.9)"
    - gRPC-Core (= 1.21.0)
    - nanopb (~> 0.3)
  - "gRPC-C++/Interface (0.0.9)"
  - gRPC-Core (1.21.0):
    - gRPC-Core/Implementation (= 1.21.0)
    - gRPC-Core/Interface (= 1.21.0)
  - gRPC-Core/Implementation (1.21.0):
    - BoringSSL-GRPC (= 0.0.3)
    - gRPC-Core/Interface (= 1.21.0)
    - nanopb (~> 0.3)
  - gRPC-Core/Interface (1.21.0)
  - GTMSessionFetcher/Core (1.2.2)
  - IQKeyboardManager (6.5.0)
  - JWT (3.0.0-beta.11):
    - Base64 (~> 1.1.2)
  - leveldb-library (1.22)
  - libwebp (1.0.3):
    - libwebp/demux (= 1.0.3)
    - libwebp/mux (= 1.0.3)
    - libwebp/webp (= 1.0.3)
  - libwebp/demux (1.0.3):
    - libwebp/webp
  - libwebp/mux (1.0.3):
    - libwebp/demux
  - libwebp/webp (1.0.3)
  - nanopb (0.3.901):
    - nanopb/decode (= 0.3.901)
    - nanopb/encode (= 0.3.901)
  - nanopb/decode (0.3.901)
  - nanopb/encode (0.3.901)
  - Protobuf (3.10.0)
  - React (0.60.5):
    - React-Core (= 0.60.5)
    - React-DevSupport (= 0.60.5)
    - React-RCTActionSheet (= 0.60.5)
    - React-RCTAnimation (= 0.60.5)
    - React-RCTBlob (= 0.60.5)
    - React-RCTImage (= 0.60.5)
    - React-RCTLinking (= 0.60.5)
    - React-RCTNetwork (= 0.60.5)
    - React-RCTSettings (= 0.60.5)
    - React-RCTText (= 0.60.5)
    - React-RCTVibration (= 0.60.5)
    - React-RCTWebSocket (= 0.60.5)
  - React-Core (0.60.5):
    - Folly (= 2018.10.22.00)
    - React-cxxreact (= 0.60.5)
    - React-jsiexecutor (= 0.60.5)
    - yoga (= 0.60.5.React)
  - React-cxxreact (0.60.5):
    - boost-for-react-native (= 1.63.0)
    - DoubleConversion
    - Folly (= 2018.10.22.00)
    - glog
    - React-jsinspector (= 0.60.5)
  - React-DevSupport (0.60.5):
    - React-Core (= 0.60.5)
    - React-RCTWebSocket (= 0.60.5)
  - React-jsi (0.60.5):
    - boost-for-react-native (= 1.63.0)
    - DoubleConversion
    - Folly (= 2018.10.22.00)
    - glog
    - React-jsi/Default (= 0.60.5)
  - React-jsi/Default (0.60.5):
    - boost-for-react-native (= 1.63.0)
    - DoubleConversion
    - Folly (= 2018.10.22.00)
    - glog
  - React-jsiexecutor (0.60.5):
    - DoubleConversion
    - Folly (= 2018.10.22.00)
    - glog
    - React-cxxreact (= 0.60.5)
    - React-jsi (= 0.60.5)
  - React-jsinspector (0.60.5)
  - react-native-fbsdk (1.0.4):
    - React
    - react-native-fbsdk/Core (= 1.0.4)
    - react-native-fbsdk/Login (= 1.0.4)
    - react-native-fbsdk/Share (= 1.0.4)
  - react-native-fbsdk/Core (1.0.4):
    - FBSDKCoreKit (~> 5.5)
    - React
  - react-native-fbsdk/Login (1.0.4):
    - FBSDKLoginKit (~> 5.5)
    - React
  - react-native-fbsdk/Share (1.0.4):
    - FBSDKShareKit (~> 5.5)
    - React
  - react-native-geolocation (2.0.2):
    - React
  - react-native-image-picker (0.28.1):
    - React
  - react-native-image-resizer (1.0.1):
    - React
  - React-RCTActionSheet (0.60.5):
    - React-Core (= 0.60.5)
  - React-RCTAnimation (0.60.5):
    - React-Core (= 0.60.5)
  - React-RCTBlob (0.60.5):
    - React-Core (= 0.60.5)
    - React-RCTNetwork (= 0.60.5)
    - React-RCTWebSocket (= 0.60.5)
  - React-RCTImage (0.60.5):
    - React-Core (= 0.60.5)
    - React-RCTNetwork (= 0.60.5)
  - React-RCTLinking (0.60.5):
    - React-Core (= 0.60.5)
  - React-RCTNetwork (0.60.5):
    - React-Core (= 0.60.5)
  - React-RCTSettings (0.60.5):
    - React-Core (= 0.60.5)
  - React-RCTText (0.60.5):
    - React-Core (= 0.60.5)
  - React-RCTVibration (0.60.5):
    - React-Core (= 0.60.5)
  - React-RCTWebSocket (0.60.5):
    - React-Core (= 0.60.5)
  - RNCAsyncStorage (1.6.1):
    - React
  - RNDeviceInfo (3.1.4):
    - React
  - RNFastImage (7.0.2):
    - React
    - SDWebImage (~> 5.0)
    - SDWebImageWebPCoder (~> 0.2.3)
  - RNFirebase (5.5.6):
    - Firebase/Core
    - React
    - RNFirebase/Crashlytics (= 5.5.6)
  - RNFirebase/Crashlytics (5.5.6):
    - Crashlytics
    - Fabric
    - Firebase/Core
    - React
  - RNGestureHandler (1.4.1):
    - React
  - RNGoogleSignin (2.0.0):
    - GoogleSignIn (~> 4.4.0)
    - React
  - RNInAppBrowser (3.1.0):
    - React
  - RNReanimated (1.2.0):
    - React
  - RNScreens (2.0.0-alpha.3):
    - React
  - RNVectorIcons (6.6.0):
    - React
  - SDWebImage (5.2.3):
    - SDWebImage/Core (= 5.2.3)
  - SDWebImage/Core (5.2.3)
  - SDWebImageWebPCoder (0.2.5):
    - libwebp (~> 1.0)
    - SDWebImage/Core (~> 5.0)
  - SSZipArchive (2.2.2)
  - Stripe (14.0.0)
  - tipsi-stripe (7.5.1):
    - React
    - Stripe (~> 14.0.0)
  - yoga (0.60.5.React)

DEPENDENCIES:
  - CodePush (from `../node_modules/react-native-code-push`)
  - Crashlytics (~> 3.13.1)
  - DoubleConversion (from `../node_modules/react-native/third-party-podspecs/DoubleConversion.podspec`)
  - Fabric (~> 1.10.1)
  - FBSDKCoreKit (~> 5.0)
  - FBSDKLoginKit (~> 5.0)
  - FBSDKShareKit (~> 5.0)
  - Firebase/Auth (~> 6.2.0)
  - Firebase/Core (~> 6.2.0)
  - Firebase/Database (~> 6.2.0)
  - Firebase/Firestore (~> 6.2.0)
  - Firebase/Functions (~> 6.2.0)
  - Firebase/Messaging (~> 6.2.0)
  - Firebase/Performance (~> 6.2.0)
  - Firebase/RemoteConfig (~> 6.2.0)
  - Firebase/Storage (~> 6.2.0)
  - Folly (from `../node_modules/react-native/third-party-podspecs/Folly.podspec`)
  - glog (from `../node_modules/react-native/third-party-podspecs/glog.podspec`)
  - GoogleSignIn (~> 4.4.0)
  - IQKeyboardManager
  - React (from `../node_modules/react-native/`)
  - React-Core (from `../node_modules/react-native/React`)
  - React-cxxreact (from `../node_modules/react-native/ReactCommon/cxxreact`)
  - React-DevSupport (from `../node_modules/react-native/React`)
  - React-jsi (from `../node_modules/react-native/ReactCommon/jsi`)
  - React-jsiexecutor (from `../node_modules/react-native/ReactCommon/jsiexecutor`)
  - React-jsinspector (from `../node_modules/react-native/ReactCommon/jsinspector`)
  - react-native-fbsdk (from `../node_modules/react-native-fbsdk`)
  - "react-native-geolocation (from `../node_modules/@react-native-community/geolocation`)"
  - react-native-image-picker (from `../node_modules/react-native-image-picker`)
  - react-native-image-resizer (from `../node_modules/react-native-image-resizer`)
  - React-RCTActionSheet (from `../node_modules/react-native/Libraries/ActionSheetIOS`)
  - React-RCTAnimation (from `../node_modules/react-native/Libraries/NativeAnimation`)
  - React-RCTBlob (from `../node_modules/react-native/Libraries/Blob`)
  - React-RCTImage (from `../node_modules/react-native/Libraries/Image`)
  - React-RCTLinking (from `../node_modules/react-native/Libraries/LinkingIOS`)
  - React-RCTNetwork (from `../node_modules/react-native/Libraries/Network`)
  - React-RCTSettings (from `../node_modules/react-native/Libraries/Settings`)
  - React-RCTText (from `../node_modules/react-native/Libraries/Text`)
  - React-RCTVibration (from `../node_modules/react-native/Libraries/Vibration`)
  - React-RCTWebSocket (from `../node_modules/react-native/Libraries/WebSocket`)
  - "RNCAsyncStorage (from `../node_modules/@react-native-community/async-storage`)"
  - RNDeviceInfo (from `../node_modules/react-native-device-info`)
  - RNFastImage (from `../node_modules/react-native-fast-image`)
  - RNFirebase (from `../node_modules/react-native-firebase/ios`)
  - RNGestureHandler (from `../node_modules/react-native-gesture-handler`)
  - RNGoogleSignin (from `../node_modules/react-native-google-signin`)
  - RNInAppBrowser (from `../node_modules/react-native-inappbrowser-reborn`)
  - RNReanimated (from `../node_modules/react-native-reanimated`)
  - RNScreens (from `../node_modules/react-native-screens`)
  - RNVectorIcons (from `../node_modules/react-native-vector-icons`)
  - tipsi-stripe (from `../node_modules/tipsi-stripe`)
  - yoga (from `../node_modules/react-native/ReactCommon/yoga`)

SPEC REPOS:
  trunk:
    - Base64
    - boost-for-react-native
    - BoringSSL-GRPC
    - Crashlytics
    - Fabric
    - FBSDKCoreKit
    - FBSDKLoginKit
    - FBSDKShareKit
    - Firebase
    - FirebaseABTesting
    - FirebaseAnalytics
    - FirebaseAnalyticsInterop
    - FirebaseAuth
    - FirebaseAuthInterop
    - FirebaseCore
    - FirebaseDatabase
    - FirebaseFirestore
    - FirebaseFunctions
    - FirebaseInstanceID
    - FirebaseMessaging
    - FirebasePerformance
    - FirebaseRemoteConfig
    - FirebaseStorage
    - GoogleAppMeasurement
    - GoogleSignIn
    - GoogleToolboxForMac
    - GoogleUtilities
    - "gRPC-C++"
    - gRPC-Core
    - GTMSessionFetcher
    - IQKeyboardManager
    - JWT
    - leveldb-library
    - libwebp
    - nanopb
    - Protobuf
    - SDWebImage
    - SDWebImageWebPCoder
    - SSZipArchive
    - Stripe

EXTERNAL SOURCES:
  CodePush:
    :path: "../node_modules/react-native-code-push"
  DoubleConversion:
    :podspec: "../node_modules/react-native/third-party-podspecs/DoubleConversion.podspec"
  Folly:
    :podspec: "../node_modules/react-native/third-party-podspecs/Folly.podspec"
  glog:
    :podspec: "../node_modules/react-native/third-party-podspecs/glog.podspec"
  React:
    :path: "../node_modules/react-native/"
  React-Core:
    :path: "../node_modules/react-native/React"
  React-cxxreact:
    :path: "../node_modules/react-native/ReactCommon/cxxreact"
  React-DevSupport:
    :path: "../node_modules/react-native/React"
  React-jsi:
    :path: "../node_modules/react-native/ReactCommon/jsi"
  React-jsiexecutor:
    :path: "../node_modules/react-native/ReactCommon/jsiexecutor"
  React-jsinspector:
    :path: "../node_modules/react-native/ReactCommon/jsinspector"
  react-native-fbsdk:
    :path: "../node_modules/react-native-fbsdk"
  react-native-geolocation:
    :path: "../node_modules/@react-native-community/geolocation"
  react-native-image-picker:
    :path: "../node_modules/react-native-image-picker"
  react-native-image-resizer:
    :path: "../node_modules/react-native-image-resizer"
  React-RCTActionSheet:
    :path: "../node_modules/react-native/Libraries/ActionSheetIOS"
  React-RCTAnimation:
    :path: "../node_modules/react-native/Libraries/NativeAnimation"
  React-RCTBlob:
    :path: "../node_modules/react-native/Libraries/Blob"
  React-RCTImage:
    :path: "../node_modules/react-native/Libraries/Image"
  React-RCTLinking:
    :path: "../node_modules/react-native/Libraries/LinkingIOS"
  React-RCTNetwork:
    :path: "../node_modules/react-native/Libraries/Network"
  React-RCTSettings:
    :path: "../node_modules/react-native/Libraries/Settings"
  React-RCTText:
    :path: "../node_modules/react-native/Libraries/Text"
  React-RCTVibration:
    :path: "../node_modules/react-native/Libraries/Vibration"
  React-RCTWebSocket:
    :path: "../node_modules/react-native/Libraries/WebSocket"
  RNCAsyncStorage:
    :path: "../node_modules/@react-native-community/async-storage"
  RNDeviceInfo:
    :path: "../node_modules/react-native-device-info"
  RNFastImage:
    :path: "../node_modules/react-native-fast-image"
  RNFirebase:
    :path: "../node_modules/react-native-firebase/ios"
  RNGestureHandler:
    :path: "../node_modules/react-native-gesture-handler"
  RNGoogleSignin:
    :path: "../node_modules/react-native-google-signin"
  RNInAppBrowser:
    :path: "../node_modules/react-native-inappbrowser-reborn"
  RNReanimated:
    :path: "../node_modules/react-native-reanimated"
  RNScreens:
    :path: "../node_modules/react-native-screens"
  RNVectorIcons:
    :path: "../node_modules/react-native-vector-icons"
  tipsi-stripe:
    :path: "../node_modules/tipsi-stripe"
  yoga:
    :path: "../node_modules/react-native/ReactCommon/yoga"

SPEC CHECKSUMS:
  Base64: cecfb41a004124895a7bcee567a89bae5a89d49b
  boost-for-react-native: 39c7adb57c4e60d6c5479dd8623128eb5b3f0f2c
  BoringSSL-GRPC: db8764df3204ccea016e1c8dd15d9a9ad63ff318
  CodePush: d2e54ad42df82a8db65b2d23d8191b950ba945e1
  Crashlytics: 2dfd686bcb918dc10ee0e76f7f853fe42c7bd552
  DoubleConversion: 5805e889d232975c086db112ece9ed034df7a0b2
  Fabric: 706c8b8098fff96c33c0db69cbf81f9c551d0d74
  FBSDKCoreKit: e7dcac0aabcfb09d0166998edd95fe3b05a0ce5d
  FBSDKLoginKit: 1b0cf04df0370b37404213157b060d6666ede814
  FBSDKShareKit: abc29e1bb4f9f59f679adf1ae191006d68455f96
  Firebase: 5965bac23e7fcb5fa6d926ed429c9ecef8a2014e
  FirebaseABTesting: a32c488eb75089a61eb3d86db061dfb909d765db
  FirebaseAnalytics: 629301c2b9925f3537d4093a17a72751ae5b7084
  FirebaseAnalyticsInterop: d48b6ab67bcf016a05e55b71fc39c61c0cb6b7f3
  FirebaseAuth: 7fa2cc010b93770831a4e7a60651b52c3b8d111a
  FirebaseAuthInterop: 0ffa57668be100582bb7643d4fcb7615496c41fc
  FirebaseCore: b0f0262acebfa540e5f97b3832dbb13186980822
  FirebaseDatabase: f48e067716864be2b855cf716b927ef375d6cfa0
  FirebaseFirestore: d9c55dfd0cd648f420cc8340c4940dc3eab2d860
  FirebaseFunctions: 5af7c35d1c5e41608fecbb667eb6c4e672e318d0
  FirebaseInstanceID: 550df9be1f99f751d8fcde3ac342a1e21a0e6c42
  FirebaseMessaging: 20b6626c41be7840aed7a3dd9a14003efae3d588
  FirebasePerformance: 3dd8dbe6eb1258b8d148eb33768f6aa6e1684127
  FirebaseRemoteConfig: 40f75c6ea20a52bf65ef44e3898910dd5b57c532
  FirebaseStorage: 926d41552072b9fee67aa645760f05f87b7ce604
  Folly: 30e7936e1c45c08d884aa59369ed951a8e68cf51
  glog: 1f3da668190260b06b429bb211bfbee5cd790c28
  GoogleAppMeasurement: 51d8d9ea48f0ca44484d29cfbdef976fbd4fc336
  GoogleSignIn: 7ff245e1a7b26d379099d3243a562f5747e23d39
  GoogleToolboxForMac: b3553629623a3b1bff17f555e736cd5a6d95ad55
  GoogleUtilities: f895fde57977df4e0233edda0dbeac490e3703b6
  "gRPC-C++": 9dfe7b44821e7b3e44aacad2af29d2c21f7cde83
  gRPC-Core: c9aef9a261a1247e881b18059b84d597293c9947
  GTMSessionFetcher: 61bb0f61a4cb560030f1222021178008a5727a23
  IQKeyboardManager: 700e5155d6a292383b54e8678aec769e14fc78fc
  JWT: 05028b9624591bba9681bb57df2c5f95fa258bad
  leveldb-library: 55d93ee664b4007aac644a782d11da33fba316f7
  libwebp: 057912d6d0abfb6357d8bb05c0ea470301f5d61e
  nanopb: 2901f78ea1b7b4015c860c2fdd1ea2fee1a18d48
  Protobuf: a4dc852ad69c027ca2166ed287b856697814375b
  React: 53c53c4d99097af47cf60594b8706b4e3321e722
  React-Core: ba421f6b4f4cbe2fb17c0b6fc675f87622e78a64
  React-cxxreact: 8384287780c4999351ad9b6e7a149d9ed10a2395
  React-DevSupport: 197fb409737cff2c4f9986e77c220d7452cb9f9f
  React-jsi: 4d8c9efb6312a9725b18d6fc818ffc103f60fec2
  React-jsiexecutor: 90ad2f9db09513fc763bc757fdc3c4ff8bde2a30
  React-jsinspector: e08662d1bf5b129a3d556eb9ea343a3f40353ae4
  react-native-fbsdk: 45e28bbab3e905cbc635c0bdd3444b372e933ae9
  react-native-geolocation: c956aeb136625c23e0dce0467664af2c437888c9
  react-native-image-picker: fd93361c666f397bdf72f9c6c23f13d2685b9173
  react-native-image-resizer: 48eb06a18a6d0a632ffa162a51ca61a68fb5322f
  React-RCTActionSheet: b0f1ea83f4bf75fb966eae9bfc47b78c8d3efd90
  React-RCTAnimation: 359ba1b5690b1e87cc173558a78e82d35919333e
  React-RCTBlob: 5e2b55f76e9a1c7ae52b826923502ddc3238df24
  React-RCTImage: f5f1c50922164e89bdda67bcd0153952a5cfe719
  React-RCTLinking: d0ecbd791e9ddddc41fa1f66b0255de90e8ee1e9
  React-RCTNetwork: e26946300b0ab7bb6c4a6348090e93fa21f33a9d
  React-RCTSettings: d0d37cb521b7470c998595a44f05847777cc3f42
  React-RCTText: b074d89033583d4f2eb5faf7ea2db3a13c7553a2
  React-RCTVibration: 2105b2e0e2b66a6408fc69a46c8a7fb5b2fdade0
  React-RCTWebSocket: cd932a16b7214898b6b7f788c8bddb3637246ac4
  RNCAsyncStorage: 2e2e3feb9bdadc752a026703d8c4065ca912e75a
  RNDeviceInfo: 88099e84466f053bae3f34c307b506738b2b6946
  RNFastImage: 9b0c22643872bb7494c8d87bbbb66cc4c0d9e7a2
  RNFirebase: ac0de8b24c6f91ae9459575491ed6a77327619c6
  RNGestureHandler: 4cb47a93019c1a201df2644413a0a1569a51c8aa
  RNGoogleSignin: d030c6c6591db24c3cee649f64c7babf0a1699a0
  RNInAppBrowser: 9d1ffb9db0d0cbdf03f528f1f0624b2c533b93fd
  RNReanimated: 1b52415c4302f198cb581282a0166690bad62c43
  RNScreens: 402a99b0a27c0c32f079cec12d3ccbd35e20cd7f
  RNVectorIcons: 0bb4def82230be1333ddaeee9fcba45f0b288ed4
  SDWebImage: 46a7f73228f84ce80990c786e4372cf4db5875ce
  SDWebImageWebPCoder: 947093edd1349d820c40afbd9f42acb6cdecd987
  SSZipArchive: fa16b8cc4cdeceb698e5e5d9f67e9558532fbf23
  Stripe: db29ad197c74aca6fb981e4e8355cf7ebd0fca5a
  tipsi-stripe: 61c247493a58d7e8e0bf6ee6b014271f473d2b11
  yoga: 312528f5bbbba37b4dcea5ef00e8b4033fdd9411

PODFILE CHECKSUM: 83b2e4d68c4976f589a9e0d41ef2a06842d766f5

COCOAPODS: 1.8.3
